
Microsoft Visual Studio Solution File, Format Version 12.00
# Visual Studio Version 16
VisualStudioVersion = 16.0.31005.135
MinimumVisualStudioVersion = 10.0.40219.1
Project("{FAE04EC0-301F-11D3-BF4B-00C04F79EFBC}") = "HelloWorld29", "HelloWorld29\HelloWorld29.csproj", "{F1C3853C-968B-4C51-BB80-5D3C1C623B71}"
EndProject
Global
	GlobalSection(SolutionConfigurationPlatforms) = preSolution
		Debug|Any CPU = Debug|Any CPU
		Release|Any CPU = Release|Any CPU
	EndGlobalSection
	GlobalSection(ProjectConfigurationPlatforms) = postSolution
		{F1C3853C-968B-4C51-BB80-5D3C1C623B71}.Debug|Any CPU.ActiveCfg = Debug|Any CPU
		{F1C3853C-968B-4C51-BB80-5D3C1C623B71}.Debug|Any CPU.Build.0 = Debug|Any CPU
		{F1C3853C-968B-4C51-BB80-5D3C1C623B71}.Release|Any CPU.ActiveCfg = Release|Any CPU
		{F1C3853C-968B-4C51-BB80-5D3C1C623B71}.Release|Any CPU.Build.0 = Release|Any CPU
	EndGlobalSection
	GlobalSection(SolutionProperties) = preSolution
		HideSolutionNode = FALSE
	EndGlobalSection
	GlobalSection(ExtensibilityGlobals) = postSolution
		SolutionGuid = {7A55A55C-85D5-4239-BEE3-FC24B7A2DE97}
	EndGlobalSection
EndGlobal
